// !$*UTF8*$!
{
	archiveVersion = 1;
	classes = {
	};
	objectVersion = 46;
	objects = {

/* Begin PBXBuildFile section */
		723556031CB60B5500D60A66 /* TableViewController.swift in Sources */ = {isa = PBXBuildFile; fileRef = 723556021CB60B5500D60A66 /* TableViewController.swift */; };
		723556051CB60BB100D60A66 /* Timer.swift in Sources */ = {isa = PBXBuildFile; fileRef = 723556041CB60BB100D60A66 /* Timer.swift */; };
		7235560E1CB614E400D60A66 /* TimerCell.swift in Sources */ = {isa = PBXBuildFile; fileRef = 7235560D1CB614E400D60A66 /* TimerCell.swift */; };
		723AF6FB1CB60A3800045953 /* AppDelegate.swift in Sources */ = {isa = PBXBuildFile; fileRef = 723AF6FA1CB60A3800045953 /* AppDelegate.swift */; };
		723AF7001CB60A3800045953 /* Main.storyboard in Resources */ = {isa = PBXBuildFile; fileRef = 723AF6FE1CB60A3800045953 /* Main.storyboard */; };
		723AF7021CB60A3800045953 /* Assets.xcassets in Resources */ = {isa = PBXBuildFile; fileRef = 723AF7011CB60A3800045953 /* Assets.xcassets */; };
		723AF7051CB60A3800045953 /* LaunchScreen.storyboard in Resources */ = {isa = PBXBuildFile; fileRef = 723AF7031CB60A3800045953 /* LaunchScreen.storyboard */; };
		7261D88B1CB75EFD0098B9F1 /* Interface.storyboard in Resources */ = {isa = PBXBuildFile; fileRef = 7261D8891CB75EFD0098B9F1 /* Interface.storyboard */; };
		7261D88D1CB75EFD0098B9F1 /* Assets.xcassets in Resources */ = {isa = PBXBuildFile; fileRef = 7261D88C1CB75EFD0098B9F1 /* Assets.xcassets */; };
		7261D8941CB75EFD0098B9F1 /* Timebox Watch Extension.appex in Embed App Extensions */ = {isa = PBXBuildFile; fileRef = 7261D8931CB75EFD0098B9F1 /* Timebox Watch Extension.appex */; settings = {ATTRIBUTES = (RemoveHeadersOnCopy, ); }; };
		7261D8991CB75EFD0098B9F1 /* InterfaceController.swift in Sources */ = {isa = PBXBuildFile; fileRef = 7261D8981CB75EFD0098B9F1 /* InterfaceController.swift */; };
		7261D89B1CB75EFD0098B9F1 /* ExtensionDelegate.swift in Sources */ = {isa = PBXBuildFile; fileRef = 7261D89A1CB75EFD0098B9F1 /* ExtensionDelegate.swift */; };
		7261D89D1CB75EFD0098B9F1 /* ComplicationController.swift in Sources */ = {isa = PBXBuildFile; fileRef = 7261D89C1CB75EFD0098B9F1 /* ComplicationController.swift */; };
		7261D89F1CB75EFD0098B9F1 /* Assets.xcassets in Resources */ = {isa = PBXBuildFile; fileRef = 7261D89E1CB75EFD0098B9F1 /* Assets.xcassets */; };
		7261D8A31CB75EFD0098B9F1 /* Timebox Watch.app in Embed Watch Content */ = {isa = PBXBuildFile; fileRef = 7261D8871CB75EFD0098B9F1 /* Timebox Watch.app */; };
		7261D8AC1CB7635E0098B9F1 /* Row.swift in Sources */ = {isa = PBXBuildFile; fileRef = 7261D8AB1CB7635E0098B9F1 /* Row.swift */; };
		7261D8AE1CB765E50098B9F1 /* Timer.swift in Sources */ = {isa = PBXBuildFile; fileRef = 723556041CB60BB100D60A66 /* Timer.swift */; };
		7261D8B31CB7773D0098B9F1 /* SessionManager.swift in Sources */ = {isa = PBXBuildFile; fileRef = 7261D8B21CB7773D0098B9F1 /* SessionManager.swift */; };
		7261D8B51CB77B770098B9F1 /* TimerStore.swift in Sources */ = {isa = PBXBuildFile; fileRef = 7261D8B41CB77B770098B9F1 /* TimerStore.swift */; };
/* End PBXBuildFile section */

/* Begin PBXContainerItemProxy section */
		7261D8951CB75EFD0098B9F1 /* PBXContainerItemProxy */ = {
			isa = PBXContainerItemProxy;
			containerPortal = 723AF6EF1CB60A3800045953 /* Project object */;
			proxyType = 1;
			remoteGlobalIDString = 7261D8921CB75EFD0098B9F1;
			remoteInfo = "Timebox Watch Extension";
		};
		7261D8A11CB75EFD0098B9F1 /* PBXContainerItemProxy */ = {
			isa = PBXContainerItemProxy;
			containerPortal = 723AF6EF1CB60A3800045953 /* Project object */;
			proxyType = 1;
			remoteGlobalIDString = 7261D8861CB75EFD0098B9F1;
			remoteInfo = "Timebox Watch";
		};
/* End PBXContainerItemProxy section */

/* Begin PBXCopyFilesBuildPhase section */
		723556091CB612F300D60A66 /* CopyFiles */ = {
			isa = PBXCopyFilesBuildPhase;
			buildActionMask = 2147483647;
			dstPath = "";
			dstSubfolderSpec = 10;
			files = (
			);
			runOnlyForDeploymentPostprocessing = 0;
		};
		7261D8841CB75E1B0098B9F1 /* Embed Watch Content */ = {
			isa = PBXCopyFilesBuildPhase;
			buildActionMask = 2147483647;
			dstPath = "$(CONTENTS_FOLDER_PATH)/Watch";
			dstSubfolderSpec = 16;
			files = (
				7261D8A31CB75EFD0098B9F1 /* Timebox Watch.app in Embed Watch Content */,
			);
			name = "Embed Watch Content";
			runOnlyForDeploymentPostprocessing = 0;
		};
		7261D8A71CB75EFE0098B9F1 /* Embed App Extensions */ = {
			isa = PBXCopyFilesBuildPhase;
			buildActionMask = 2147483647;
			dstPath = "";
			dstSubfolderSpec = 13;
			files = (
				7261D8941CB75EFD0098B9F1 /* Timebox Watch Extension.appex in Embed App Extensions */,
			);
			name = "Embed App Extensions";
			runOnlyForDeploymentPostprocessing = 0;
		};
/* End PBXCopyFilesBuildPhase section */

/* Begin PBXFileReference section */
		723556021CB60B5500D60A66 /* TableViewController.swift */ = {isa = PBXFileReference; fileEncoding = 4; lastKnownFileType = sourcecode.swift; path = TableViewController.swift; sourceTree = "<group>"; };
		723556041CB60BB100D60A66 /* Timer.swift */ = {isa = PBXFileReference; fileEncoding = 4; lastKnownFileType = sourcecode.swift; path = Timer.swift; sourceTree = "<group>"; };
		7235560D1CB614E400D60A66 /* TimerCell.swift */ = {isa = PBXFileReference; fileEncoding = 4; lastKnownFileType = sourcecode.swift; path = TimerCell.swift; sourceTree = "<group>"; };
		723AF6F71CB60A3800045953 /* Timebox.app */ = {isa = PBXFileReference; explicitFileType = wrapper.application; includeInIndex = 0; path = Timebox.app; sourceTree = BUILT_PRODUCTS_DIR; };
		723AF6FA1CB60A3800045953 /* AppDelegate.swift */ = {isa = PBXFileReference; lastKnownFileType = sourcecode.swift; path = AppDelegate.swift; sourceTree = "<group>"; };
		723AF6FF1CB60A3800045953 /* Base */ = {isa = PBXFileReference; lastKnownFileType = file.storyboard; name = Base; path = Base.lproj/Main.storyboard; sourceTree = "<group>"; };
		723AF7011CB60A3800045953 /* Assets.xcassets */ = {isa = PBXFileReference; lastKnownFileType = folder.assetcatalog; path = Assets.xcassets; sourceTree = "<group>"; };
		723AF7041CB60A3800045953 /* Base */ = {isa = PBXFileReference; lastKnownFileType = file.storyboard; name = Base; path = Base.lproj/LaunchScreen.storyboard; sourceTree = "<group>"; };
		723AF7061CB60A3800045953 /* Info.plist */ = {isa = PBXFileReference; lastKnownFileType = text.plist.xml; path = Info.plist; sourceTree = "<group>"; };
		7261D8871CB75EFD0098B9F1 /* Timebox Watch.app */ = {isa = PBXFileReference; explicitFileType = wrapper.application; includeInIndex = 0; path = "Timebox Watch.app"; sourceTree = BUILT_PRODUCTS_DIR; };
		7261D88A1CB75EFD0098B9F1 /* Base */ = {isa = PBXFileReference; lastKnownFileType = file.storyboard; name = Base; path = Base.lproj/Interface.storyboard; sourceTree = "<group>"; };
		7261D88C1CB75EFD0098B9F1 /* Assets.xcassets */ = {isa = PBXFileReference; lastKnownFileType = folder.assetcatalog; path = Assets.xcassets; sourceTree = "<group>"; };
		7261D88E1CB75EFD0098B9F1 /* Info.plist */ = {isa = PBXFileReference; lastKnownFileType = text.plist.xml; path = Info.plist; sourceTree = "<group>"; };
		7261D8931CB75EFD0098B9F1 /* Timebox Watch Extension.appex */ = {isa = PBXFileReference; explicitFileType = "wrapper.app-extension"; includeInIndex = 0; path = "Timebox Watch Extension.appex"; sourceTree = BUILT_PRODUCTS_DIR; };
		7261D8981CB75EFD0098B9F1 /* InterfaceController.swift */ = {isa = PBXFileReference; lastKnownFileType = sourcecode.swift; path = InterfaceController.swift; sourceTree = "<group>"; };
		7261D89A1CB75EFD0098B9F1 /* ExtensionDelegate.swift */ = {isa = PBXFileReference; lastKnownFileType = sourcecode.swift; path = ExtensionDelegate.swift; sourceTree = "<group>"; };
		7261D89C1CB75EFD0098B9F1 /* ComplicationController.swift */ = {isa = PBXFileReference; lastKnownFileType = sourcecode.swift; path = ComplicationController.swift; sourceTree = "<group>"; };
		7261D89E1CB75EFD0098B9F1 /* Assets.xcassets */ = {isa = PBXFileReference; lastKnownFileType = folder.assetcatalog; path = Assets.xcassets; sourceTree = "<group>"; };
		7261D8A01CB75EFD0098B9F1 /* Info.plist */ = {isa = PBXFileReference; lastKnownFileType = text.plist.xml; path = Info.plist; sourceTree = "<group>"; };
		7261D8AB1CB7635E0098B9F1 /* Row.swift */ = {isa = PBXFileReference; fileEncoding = 4; lastKnownFileType = sourcecode.swift; path = Row.swift; sourceTree = "<group>"; };
		7261D8B21CB7773D0098B9F1 /* SessionManager.swift */ = {isa = PBXFileReference; fileEncoding = 4; lastKnownFileType = sourcecode.swift; path = SessionManager.swift; sourceTree = "<group>"; };
		7261D8B41CB77B770098B9F1 /* TimerStore.swift */ = {isa = PBXFileReference; fileEncoding = 4; lastKnownFileType = sourcecode.swift; path = TimerStore.swift; sourceTree = "<group>"; };
/* End PBXFileReference section */

/* Begin PBXFrameworksBuildPhase section */
		723AF6F41CB60A3800045953 /* Frameworks */ = {
			isa = PBXFrameworksBuildPhase;
			buildActionMask = 2147483647;
			files = (
			);
			runOnlyForDeploymentPostprocessing = 0;
		};
		7261D8901CB75EFD0098B9F1 /* Frameworks */ = {
			isa = PBXFrameworksBuildPhase;
			buildActionMask = 2147483647;
			files = (
			);
			runOnlyForDeploymentPostprocessing = 0;
		};
/* End PBXFrameworksBuildPhase section */

/* Begin PBXGroup section */
		723AF6EE1CB60A3800045953 = {
			isa = PBXGroup;
			children = (
				723AF6F91CB60A3800045953 /* timebox */,
				7261D8881CB75EFD0098B9F1 /* Timebox Watch */,
				7261D8971CB75EFD0098B9F1 /* Timebox Watch Extension */,
				7261D8AD1CB765D00098B9F1 /* Shared */,
				723AF6F81CB60A3800045953 /* Products */,
			);
			sourceTree = "<group>";
		};
		723AF6F81CB60A3800045953 /* Products */ = {
			isa = PBXGroup;
			children = (
				723AF6F71CB60A3800045953 /* Timebox.app */,
				7261D8871CB75EFD0098B9F1 /* Timebox Watch.app */,
				7261D8931CB75EFD0098B9F1 /* Timebox Watch Extension.appex */,
			);
			name = Products;
			sourceTree = "<group>";
		};
		723AF6F91CB60A3800045953 /* timebox */ = {
			isa = PBXGroup;
			children = (
				723AF6FA1CB60A3800045953 /* AppDelegate.swift */,
				723AF6FE1CB60A3800045953 /* Main.storyboard */,
				7235560D1CB614E400D60A66 /* TimerCell.swift */,
				723556021CB60B5500D60A66 /* TableViewController.swift */,
				723AF7011CB60A3800045953 /* Assets.xcassets */,
				723AF7031CB60A3800045953 /* LaunchScreen.storyboard */,
				723AF7061CB60A3800045953 /* Info.plist */,
				7261D8B21CB7773D0098B9F1 /* SessionManager.swift */,
				7261D8B41CB77B770098B9F1 /* TimerStore.swift */,
			);
			path = timebox;
			sourceTree = "<group>";
		};
		7261D8881CB75EFD0098B9F1 /* Timebox Watch */ = {
			isa = PBXGroup;
			children = (
				7261D8891CB75EFD0098B9F1 /* Interface.storyboard */,
				7261D88C1CB75EFD0098B9F1 /* Assets.xcassets */,
				7261D88E1CB75EFD0098B9F1 /* Info.plist */,
			);
			path = "Timebox Watch";
			sourceTree = "<group>";
		};
		7261D8971CB75EFD0098B9F1 /* Timebox Watch Extension */ = {
			isa = PBXGroup;
			children = (
				7261D8981CB75EFD0098B9F1 /* InterfaceController.swift */,
				7261D89A1CB75EFD0098B9F1 /* ExtensionDelegate.swift */,
				7261D89C1CB75EFD0098B9F1 /* ComplicationController.swift */,
				7261D89E1CB75EFD0098B9F1 /* Assets.xcassets */,
				7261D8A01CB75EFD0098B9F1 /* Info.plist */,
				7261D8AB1CB7635E0098B9F1 /* Row.swift */,
			);
			path = "Timebox Watch Extension";
			sourceTree = "<group>";
		};
		7261D8AD1CB765D00098B9F1 /* Shared */ = {
			isa = PBXGroup;
			children = (
				723556041CB60BB100D60A66 /* Timer.swift */,
			);
			name = Shared;
			path = timebox;
			sourceTree = "<group>";
		};
/* End PBXGroup section */

/* Begin PBXNativeTarget section */
		723AF6F61CB60A3800045953 /* timebox */ = {
			isa = PBXNativeTarget;
			buildConfigurationList = 723AF7091CB60A3800045953 /* Build configuration list for PBXNativeTarget "timebox" */;
			buildPhases = (
				723AF6F31CB60A3800045953 /* Sources */,
				723AF6F41CB60A3800045953 /* Frameworks */,
				723AF6F51CB60A3800045953 /* Resources */,
				723556091CB612F300D60A66 /* CopyFiles */,
				7261D8841CB75E1B0098B9F1 /* Embed Watch Content */,
			);
			buildRules = (
			);
			dependencies = (
				7261D8A21CB75EFD0098B9F1 /* PBXTargetDependency */,
			);
			name = timebox;
			productName = timebox;
			productReference = 723AF6F71CB60A3800045953 /* Timebox.app */;
			productType = "com.apple.product-type.application";
		};
		7261D8861CB75EFD0098B9F1 /* Timebox Watch */ = {
			isa = PBXNativeTarget;
			buildConfigurationList = 7261D8A81CB75EFE0098B9F1 /* Build configuration list for PBXNativeTarget "Timebox Watch" */;
			buildPhases = (
				7261D8851CB75EFD0098B9F1 /* Resources */,
				7261D8A71CB75EFE0098B9F1 /* Embed App Extensions */,
			);
			buildRules = (
			);
			dependencies = (
				7261D8961CB75EFD0098B9F1 /* PBXTargetDependency */,
			);
			name = "Timebox Watch";
			productName = "Timebox Watch";
			productReference = 7261D8871CB75EFD0098B9F1 /* Timebox Watch.app */;
			productType = "com.apple.product-type.application.watchapp2";
		};
		7261D8921CB75EFD0098B9F1 /* Timebox Watch Extension */ = {
			isa = PBXNativeTarget;
			buildConfigurationList = 7261D8A41CB75EFE0098B9F1 /* Build configuration list for PBXNativeTarget "Timebox Watch Extension" */;
			buildPhases = (
				7261D88F1CB75EFD0098B9F1 /* Sources */,
				7261D8901CB75EFD0098B9F1 /* Frameworks */,
				7261D8911CB75EFD0098B9F1 /* Resources */,
			);
			buildRules = (
			);
			dependencies = (
			);
			name = "Timebox Watch Extension";
			productName = "Timebox Watch Extension";
			productReference = 7261D8931CB75EFD0098B9F1 /* Timebox Watch Extension.appex */;
			productType = "com.apple.product-type.watchkit2-extension";
		};
/* End PBXNativeTarget section */

/* Begin PBXProject section */
		723AF6EF1CB60A3800045953 /* Project object */ = {
			isa = PBXProject;
			attributes = {
				LastSwiftUpdateCheck = 0730;
				LastUpgradeCheck = 0730;
				ORGANIZATIONNAME = "Ehren Murdick";
				TargetAttributes = {
					723AF6F61CB60A3800045953 = {
						CreatedOnToolsVersion = 7.3;
						DevelopmentTeam = Q2HK4MPY3D;
						SystemCapabilities = {
							com.apple.ApplicationGroups.iOS = {
								enabled = 0;
							};
						};
					};
					7261D8861CB75EFD0098B9F1 = {
						CreatedOnToolsVersion = 7.3;
						DevelopmentTeam = Q2HK4MPY3D;
						SystemCapabilities = {
							com.apple.ApplicationGroups.iOS = {
								enabled = 0;
							};
						};
					};
					7261D8921CB75EFD0098B9F1 = {
						CreatedOnToolsVersion = 7.3;
						DevelopmentTeam = Q2HK4MPY3D;
						SystemCapabilities = {
							com.apple.ApplicationGroups.iOS = {
								enabled = 0;
							};
						};
					};
				};
			};
			buildConfigurationList = 723AF6F21CB60A3800045953 /* Build configuration list for PBXProject "Timebox" */;
			compatibilityVersion = "Xcode 3.2";
			developmentRegion = English;
			hasScannedForEncodings = 0;
			knownRegions = (
				en,
				Base,
			);
			mainGroup = 723AF6EE1CB60A3800045953;
			productRefGroup = 723AF6F81CB60A3800045953 /* Products */;
			projectDirPath = "";
			projectRoot = "";
			targets = (
				723AF6F61CB60A3800045953 /* timebox */,
				7261D8861CB75EFD0098B9F1 /* Timebox Watch */,
				7261D8921CB75EFD0098B9F1 /* Timebox Watch Extension */,
			);
		};
/* End PBXProject section */

/* Begin PBXResourcesBuildPhase section */
		723AF6F51CB60A3800045953 /* Resources */ = {
			isa = PBXResourcesBuildPhase;
			buildActionMask = 2147483647;
			files = (
				723AF7051CB60A3800045953 /* LaunchScreen.storyboard in Resources */,
				723AF7021CB60A3800045953 /* Assets.xcassets in Resources */,
				723AF7001CB60A3800045953 /* Main.storyboard in Resources */,
			);
			runOnlyForDeploymentPostprocessing = 0;
		};
		7261D8851CB75EFD0098B9F1 /* Resources */ = {
			isa = PBXResourcesBuildPhase;
			buildActionMask = 2147483647;
			files = (
				7261D88D1CB75EFD0098B9F1 /* Assets.xcassets in Resources */,
				7261D88B1CB75EFD0098B9F1 /* Interface.storyboard in Resources */,
			);
			runOnlyForDeploymentPostprocessing = 0;
		};
		7261D8911CB75EFD0098B9F1 /* Resources */ = {
			isa = PBXResourcesBuildPhase;
			buildActionMask = 2147483647;
			files = (
				7261D89F1CB75EFD0098B9F1 /* Assets.xcassets in Resources */,
			);
			runOnlyForDeploymentPostprocessing = 0;
		};
/* End PBXResourcesBuildPhase section */

/* Begin PBXSourcesBuildPhase section */
		723AF6F31CB60A3800045953 /* Sources */ = {
			isa = PBXSourcesBuildPhase;
			buildActionMask = 2147483647;
			files = (
				723556051CB60BB100D60A66 /* Timer.swift in Sources */,
				7261D8B51CB77B770098B9F1 /* TimerStore.swift in Sources */,
				723AF6FB1CB60A3800045953 /* AppDelegate.swift in Sources */,
				723556031CB60B5500D60A66 /* TableViewController.swift in Sources */,
				7261D8B31CB7773D0098B9F1 /* SessionManager.swift in Sources */,
				7235560E1CB614E400D60A66 /* TimerCell.swift in Sources */,
			);
			runOnlyForDeploymentPostprocessing = 0;
		};
		7261D88F1CB75EFD0098B9F1 /* Sources */ = {
			isa = PBXSourcesBuildPhase;
			buildActionMask = 2147483647;
			files = (
				7261D89B1CB75EFD0098B9F1 /* ExtensionDelegate.swift in Sources */,
				7261D8991CB75EFD0098B9F1 /* InterfaceController.swift in Sources */,
				7261D89D1CB75EFD0098B9F1 /* ComplicationController.swift in Sources */,
				7261D8AE1CB765E50098B9F1 /* Timer.swift in Sources */,
				7261D8AC1CB7635E0098B9F1 /* Row.swift in Sources */,
			);
			runOnlyForDeploymentPostprocessing = 0;
		};
/* End PBXSourcesBuildPhase section */

/* Begin PBXTargetDependency section */
		7261D8961CB75EFD0098B9F1 /* PBXTargetDependency */ = {
			isa = PBXTargetDependency;
			target = 7261D8921CB75EFD0098B9F1 /* Timebox Watch Extension */;
			targetProxy = 7261D8951CB75EFD0098B9F1 /* PBXContainerItemProxy */;
		};
		7261D8A21CB75EFD0098B9F1 /* PBXTargetDependency */ = {
			isa = PBXTargetDependency;
			target = 7261D8861CB75EFD0098B9F1 /* Timebox Watch */;
			targetProxy = 7261D8A11CB75EFD0098B9F1 /* PBXContainerItemProxy */;
		};
/* End PBXTargetDependency section */

/* Begin PBXVariantGroup section */
		723AF6FE1CB60A3800045953 /* Main.storyboard */ = {
			isa = PBXVariantGroup;
			children = (
				723AF6FF1CB60A3800045953 /* Base */,
			);
			name = Main.storyboard;
			sourceTree = "<group>";
		};
		723AF7031CB60A3800045953 /* LaunchScreen.storyboard */ = {
			isa = PBXVariantGroup;
			children = (
				723AF7041CB60A3800045953 /* Base */,
			);
			name = LaunchScreen.storyboard;
			sourceTree = "<group>";
		};
		7261D8891CB75EFD0098B9F1 /* Interface.storyboard */ = {
			isa = PBXVariantGroup;
			children = (
				7261D88A1CB75EFD0098B9F1 /* Base */,
			);
			name = Interface.storyboard;
			sourceTree = "<group>";
		};
/* End PBXVariantGroup section */

/* Begin XCBuildConfiguration section */
		723AF7071CB60A3800045953 /* Debug */ = {
			isa = XCBuildConfiguration;
			buildSettings = {
				ALWAYS_SEARCH_USER_PATHS = NO;
				CLANG_ANALYZER_NONNULL = YES;
				CLANG_CXX_LANGUAGE_STANDARD = "gnu++0x";
				CLANG_CXX_LIBRARY = "libc++";
				CLANG_ENABLE_MODULES = YES;
				CLANG_ENABLE_OBJC_ARC = YES;
				CLANG_WARN_BOOL_CONVERSION = YES;
				CLANG_WARN_CONSTANT_CONVERSION = YES;
				CLANG_WARN_DIRECT_OBJC_ISA_USAGE = YES_ERROR;
				CLANG_WARN_EMPTY_BODY = YES;
				CLANG_WARN_ENUM_CONVERSION = YES;
				CLANG_WARN_INT_CONVERSION = YES;
				CLANG_WARN_OBJC_ROOT_CLASS = YES_ERROR;
				CLANG_WARN_UNREACHABLE_CODE = YES;
				CLANG_WARN__DUPLICATE_METHOD_MATCH = YES;
				"CODE_SIGN_IDENTITY[sdk=iphoneos*]" = "iPhone Developer";
				COPY_PHASE_STRIP = NO;
				DEBUG_INFORMATION_FORMAT = dwarf;
				ENABLE_STRICT_OBJC_MSGSEND = YES;
				ENABLE_TESTABILITY = YES;
				GCC_C_LANGUAGE_STANDARD = gnu99;
				GCC_DYNAMIC_NO_PIC = NO;
				GCC_NO_COMMON_BLOCKS = YES;
				GCC_OPTIMIZATION_LEVEL = 0;
				GCC_PREPROCESSOR_DEFINITIONS = (
					"DEBUG=1",
					"$(inherited)",
				);
				GCC_WARN_64_TO_32_BIT_CONVERSION = YES;
				GCC_WARN_ABOUT_RETURN_TYPE = YES_ERROR;
				GCC_WARN_UNDECLARED_SELECTOR = YES;
				GCC_WARN_UNINITIALIZED_AUTOS = YES_AGGRESSIVE;
				GCC_WARN_UNUSED_FUNCTION = YES;
				GCC_WARN_UNUSED_VARIABLE = YES;
				IPHONEOS_DEPLOYMENT_TARGET = 9.3;
				MTL_ENABLE_DEBUG_INFO = YES;
				ONLY_ACTIVE_ARCH = YES;
				SDKROOT = iphoneos;
				SWIFT_OPTIMIZATION_LEVEL = "-Onone";
			};
			name = Debug;
		};
		723AF7081CB60A3800045953 /* Release */ = {
			isa = XCBuildConfiguration;
			buildSettings = {
				ALWAYS_SEARCH_USER_PATHS = NO;
				CLANG_ANALYZER_NONNULL = YES;
				CLANG_CXX_LANGUAGE_STANDARD = "gnu++0x";
				CLANG_CXX_LIBRARY = "libc++";
				CLANG_ENABLE_MODULES = YES;
				CLANG_ENABLE_OBJC_ARC = YES;
				CLANG_WARN_BOOL_CONVERSION = YES;
				CLANG_WARN_CONSTANT_CONVERSION = YES;
				CLANG_WARN_DIRECT_OBJC_ISA_USAGE = YES_ERROR;
				CLANG_WARN_EMPTY_BODY = YES;
				CLANG_WARN_ENUM_CONVERSION = YES;
				CLANG_WARN_INT_CONVERSION = YES;
				CLANG_WARN_OBJC_ROOT_CLASS = YES_ERROR;
				CLANG_WARN_UNREACHABLE_CODE = YES;
				CLANG_WARN__DUPLICATE_METHOD_MATCH = YES;
				"CODE_SIGN_IDENTITY[sdk=iphoneos*]" = "iPhone Developer";
				COPY_PHASE_STRIP = NO;
				DEBUG_INFORMATION_FORMAT = "dwarf-with-dsym";
				ENABLE_NS_ASSERTIONS = NO;
				ENABLE_STRICT_OBJC_MSGSEND = YES;
				GCC_C_LANGUAGE_STANDARD = gnu99;
				GCC_NO_COMMON_BLOCKS = YES;
				GCC_WARN_64_TO_32_BIT_CONVERSION = YES;
				GCC_WARN_ABOUT_RETURN_TYPE = YES_ERROR;
				GCC_WARN_UNDECLARED_SELECTOR = YES;
				GCC_WARN_UNINITIALIZED_AUTOS = YES_AGGRESSIVE;
				GCC_WARN_UNUSED_FUNCTION = YES;
				GCC_WARN_UNUSED_VARIABLE = YES;
				IPHONEOS_DEPLOYMENT_TARGET = 9.3;
				MTL_ENABLE_DEBUG_INFO = NO;
				SDKROOT = iphoneos;
				VALIDATE_PRODUCT = YES;
			};
			name = Release;
		};
		723AF70A1CB60A3800045953 /* Debug */ = {
			isa = XCBuildConfiguration;
			buildSettings = {
				ASSETCATALOG_COMPILER_APPICON_NAME = AppIcon;
				CODE_SIGN_IDENTITY = "iPhone Developer";
				"CODE_SIGN_IDENTITY[sdk=iphoneos*]" = "iPhone Developer";
				FRAMEWORK_SEARCH_PATHS = (
					"$(inherited)",
					"$(PROJECT_DIR)/Carthage/Build/watchOS",
				);
				INFOPLIST_FILE = timebox/Info.plist;
				LD_RUNPATH_SEARCH_PATHS = "$(inherited) @executable_path/Frameworks";
				PRODUCT_BUNDLE_IDENTIFIER = com.ehrenmurdick.Timebox;
				PRODUCT_NAME = Timebox;
				PROVISIONING_PROFILE = "";
			};
			name = Debug;
		};
		723AF70B1CB60A3800045953 /* Release */ = {
			isa = XCBuildConfiguration;
			buildSettings = {
				ASSETCATALOG_COMPILER_APPICON_NAME = AppIcon;
				CODE_SIGN_IDENTITY = "iPhone Developer";
				"CODE_SIGN_IDENTITY[sdk=iphoneos*]" = "iPhone Developer";
				FRAMEWORK_SEARCH_PATHS = (
					"$(inherited)",
					"$(PROJECT_DIR)/Carthage/Build/watchOS",
				);
				INFOPLIST_FILE = timebox/Info.plist;
				LD_RUNPATH_SEARCH_PATHS = "$(inherited) @executable_path/Frameworks";
				PRODUCT_BUNDLE_IDENTIFIER = com.ehrenmurdick.Timebox;
				PRODUCT_NAME = Timebox;
				PROVISIONING_PROFILE = "";
			};
			name = Release;
		};
		7261D8A51CB75EFE0098B9F1 /* Debug */ = {
			isa = XCBuildConfiguration;
			buildSettings = {
				ASSETCATALOG_COMPILER_COMPLICATION_NAME = Complication;
				CODE_SIGN_ENTITLEMENTS = "Timebox Watch Extension/Timebox Watch Extension.entitlements";
				INFOPLIST_FILE = "Timebox Watch Extension/Info.plist";
				LD_RUNPATH_SEARCH_PATHS = "$(inherited) @executable_path/Frameworks @executable_path/../../Frameworks";
				PRODUCT_BUNDLE_IDENTIFIER = com.ehrenmurdick.Timebox.watchkitapp.watchkitextension;
				PRODUCT_NAME = "${TARGET_NAME}";
				SDKROOT = watchos;
				SKIP_INSTALL = YES;
				TARGETED_DEVICE_FAMILY = 4;
				WATCHOS_DEPLOYMENT_TARGET = 2.2;
			};
			name = Debug;
		};
		7261D8A61CB75EFE0098B9F1 /* Release */ = {
			isa = XCBuildConfiguration;
			buildSettings = {
				ASSETCATALOG_COMPILER_COMPLICATION_NAME = Complication;
				CODE_SIGN_ENTITLEMENTS = "Timebox Watch Extension/Timebox Watch Extension.entitlements";
				INFOPLIST_FILE = "Timebox Watch Extension/Info.plist";
				LD_RUNPATH_SEARCH_PATHS = "$(inherited) @executable_path/Frameworks @executable_path/../../Frameworks";
				PRODUCT_BUNDLE_IDENTIFIER = com.ehrenmurdick.Timebox.watchkitapp.watchkitextension;
				PRODUCT_NAME = "${TARGET_NAME}";
				SDKROOT = watchos;
				SKIP_INSTALL = YES;
				TARGETED_DEVICE_FAMILY = 4;
				WATCHOS_DEPLOYMENT_TARGET = 2.2;
			};
			name = Release;
		};
		7261D8A91CB75EFE0098B9F1 /* Debug */ = {
			isa = XCBuildConfiguration;
			buildSettings = {
				ASSETCATALOG_COMPILER_APPICON_NAME = AppIcon;
				CODE_SIGN_IDENTITY = "iPhone Developer";
				"CODE_SIGN_IDENTITY[sdk=iphoneos*]" = "iPhone Developer";
				EMBEDDED_CONTENT_CONTAINS_SWIFT = YES;
				IBSC_MODULE = Timebox_Watch_Extension;
				INFOPLIST_FILE = "Timebox Watch/Info.plist";
				PRODUCT_BUNDLE_IDENTIFIER = com.ehrenmurdick.Timebox.watchkitapp;
				PRODUCT_NAME = "$(TARGET_NAME)";
				SDKROOT = watchos;
				SKIP_INSTALL = YES;
				TARGETED_DEVICE_FAMILY = 4;
				WATCHOS_DEPLOYMENT_TARGET = 2.2;
			};
			name = Debug;
		};
		7261D8AA1CB75EFE0098B9F1 /* Release */ = {
			isa = XCBuildConfiguration;
			buildSettings = {
				ASSETCATALOG_COMPILER_APPICON_NAME = AppIcon;
				CODE_SIGN_IDENTITY = "iPhone Developer";
				"CODE_SIGN_IDENTITY[sdk=iphoneos*]" = "iPhone Developer";
				EMBEDDED_CONTENT_CONTAINS_SWIFT = YES;
				IBSC_MODULE = Timebox_Watch_Extension;
				INFOPLIST_FILE = "Timebox Watch/Info.plist";
				PRODUCT_BUNDLE_IDENTIFIER = com.ehrenmurdick.Timebox.watchkitapp;
				PRODUCT_NAME = "$(TARGET_NAME)";
				SDKROOT = watchos;
				SKIP_INSTALL = YES;
				TARGETED_DEVICE_FAMILY = 4;
				WATCHOS_DEPLOYMENT_TARGET = 2.2;
			};
			name = Release;
		};
/* End XCBuildConfiguration section */

/* Begin XCConfigurationList section */
		723AF6F21CB60A3800045953 /* Build configuration list for PBXProject "Timebox" */ = {
			isa = XCConfigurationList;
			buildConfigurations = (
				723AF7071CB60A3800045953 /* Debug */,
				723AF7081CB60A3800045953 /* Release */,
			);
			defaultConfigurationIsVisible = 0;
			defaultConfigurationName = Release;
		};
		723AF7091CB60A3800045953 /* Build configuration list for PBXNativeTarget "timebox" */ = {
			isa = XCConfigurationList;
			buildConfigurations = (
				723AF70A1CB60A3800045953 /* Debug */,
				723AF70B1CB60A3800045953 /* Release */,
			);
			defaultConfigurationIsVisible = 0;
			defaultConfigurationName = Release;
		};
		7261D8A41CB75EFE0098B9F1 /* Build configuration list for PBXNativeTarget "Timebox Watch Extension" */ = {
			isa = XCConfigurationList;
			buildConfigurations = (
				7261D8A51CB75EFE0098B9F1 /* Debug */,
				7261D8A61CB75EFE0098B9F1 /* Release */,
			);
			defaultConfigurationIsVisible = 0;
		};
		7261D8A81CB75EFE0098B9F1 /* Build configuration list for PBXNativeTarget "Timebox Watch" */ = {
			isa = XCConfigurationList;
			buildConfigurations = (
				7261D8A91CB75EFE0098B9F1 /* Debug */,
				7261D8AA1CB75EFE0098B9F1 /* Release */,
			);
			defaultConfigurationIsVisible = 0;
		};
/* End XCConfigurationList section */
	};
	rootObject = 723AF6EF1CB60A3800045953 /* Project object */;
}
