// !$*UTF8*$!
{
	archiveVersion = 1;
	classes = {
	};
	objectVersion = 46;
	objects = {

/* Begin PBXBuildFile section */
		723556031CB60B5500D60A66 /* TableViewController.swift in Sources */ = {isa = PBXBuildFile; fileRef = 723556021CB60B5500D60A66 /* TableViewController.swift */; };
		723556051CB60BB100D60A66 /* Timer.swift in Sources */ = {isa = PBXBuildFile; fileRef = 723556041CB60BB100D60A66 /* Timer.swift */; };
		7235560C1CB6137400D60A66 /* FAButton.swift in Sources */ = {isa = PBXBuildFile; fileRef = 7235560B1CB6137400D60A66 /* FAButton.swift */; };
		723AF6FB1CB60A3800045953 /* AppDelegate.swift in Sources */ = {isa = PBXBuildFile; fileRef = 723AF6FA1CB60A3800045953 /* AppDelegate.swift */; };
		723AF7001CB60A3800045953 /* Main.storyboard in Resources */ = {isa = PBXBuildFile; fileRef = 723AF6FE1CB60A3800045953 /* Main.storyboard */; };
		723AF7021CB60A3800045953 /* Assets.xcassets in Resources */ = {isa = PBXBuildFile; fileRef = 723AF7011CB60A3800045953 /* Assets.xcassets */; };
		723AF7051CB60A3800045953 /* LaunchScreen.storyboard in Resources */ = {isa = PBXBuildFile; fileRef = 723AF7031CB60A3800045953 /* LaunchScreen.storyboard */; };
/* End PBXBuildFile section */

/* Begin PBXCopyFilesBuildPhase section */
		723556091CB612F300D60A66 /* CopyFiles */ = {
			isa = PBXCopyFilesBuildPhase;
			buildActionMask = 2147483647;
			dstPath = "";
			dstSubfolderSpec = 10;
			files = (
			);
			runOnlyForDeploymentPostprocessing = 0;
		};
/* End PBXCopyFilesBuildPhase section */

/* Begin PBXFileReference section */
		723556021CB60B5500D60A66 /* TableViewController.swift */ = {isa = PBXFileReference; fileEncoding = 4; lastKnownFileType = sourcecode.swift; path = TableViewController.swift; sourceTree = "<group>"; };
		723556041CB60BB100D60A66 /* Timer.swift */ = {isa = PBXFileReference; fileEncoding = 4; lastKnownFileType = sourcecode.swift; path = Timer.swift; sourceTree = "<group>"; };
		7235560B1CB6137400D60A66 /* FAButton.swift */ = {isa = PBXFileReference; fileEncoding = 4; lastKnownFileType = sourcecode.swift; path = FAButton.swift; sourceTree = "<group>"; };
		723AF6F71CB60A3800045953 /* timebox.app */ = {isa = PBXFileReference; explicitFileType = wrapper.application; includeInIndex = 0; path = timebox.app; sourceTree = BUILT_PRODUCTS_DIR; };
		723AF6FA1CB60A3800045953 /* AppDelegate.swift */ = {isa = PBXFileReference; lastKnownFileType = sourcecode.swift; path = AppDelegate.swift; sourceTree = "<group>"; };
		723AF6FF1CB60A3800045953 /* Base */ = {isa = PBXFileReference; lastKnownFileType = file.storyboard; name = Base; path = Base.lproj/Main.storyboard; sourceTree = "<group>"; };
		723AF7011CB60A3800045953 /* Assets.xcassets */ = {isa = PBXFileReference; lastKnownFileType = folder.assetcatalog; path = Assets.xcassets; sourceTree = "<group>"; };
		723AF7041CB60A3800045953 /* Base */ = {isa = PBXFileReference; lastKnownFileType = file.storyboard; name = Base; path = Base.lproj/LaunchScreen.storyboard; sourceTree = "<group>"; };
		723AF7061CB60A3800045953 /* Info.plist */ = {isa = PBXFileReference; lastKnownFileType = text.plist.xml; path = Info.plist; sourceTree = "<group>"; };
/* End PBXFileReference section */

/* Begin PBXFrameworksBuildPhase section */
		723AF6F41CB60A3800045953 /* Frameworks */ = {
			isa = PBXFrameworksBuildPhase;
			buildActionMask = 2147483647;
			files = (
			);
			runOnlyForDeploymentPostprocessing = 0;
		};
/* End PBXFrameworksBuildPhase section */

/* Begin PBXGroup section */
		723AF6EE1CB60A3800045953 = {
			isa = PBXGroup;
			children = (
				723AF6F91CB60A3800045953 /* timebox */,
				723AF6F81CB60A3800045953 /* Products */,
			);
			sourceTree = "<group>";
		};
		723AF6F81CB60A3800045953 /* Products */ = {
			isa = PBXGroup;
			children = (
				723AF6F71CB60A3800045953 /* timebox.app */,
			);
			name = Products;
			sourceTree = "<group>";
		};
		723AF6F91CB60A3800045953 /* timebox */ = {
			isa = PBXGroup;
			children = (
				723AF6FA1CB60A3800045953 /* AppDelegate.swift */,
				723AF6FE1CB60A3800045953 /* Main.storyboard */,
				723556021CB60B5500D60A66 /* TableViewController.swift */,
				723556041CB60BB100D60A66 /* Timer.swift */,
				723AF7011CB60A3800045953 /* Assets.xcassets */,
				723AF7031CB60A3800045953 /* LaunchScreen.storyboard */,
				723AF7061CB60A3800045953 /* Info.plist */,
				7235560B1CB6137400D60A66 /* FAButton.swift */,
			);
			path = timebox;
			sourceTree = "<group>";
		};
/* End PBXGroup section */

/* Begin PBXNativeTarget section */
		723AF6F61CB60A3800045953 /* timebox */ = {
			isa = PBXNativeTarget;
			buildConfigurationList = 723AF7091CB60A3800045953 /* Build configuration list for PBXNativeTarget "timebox" */;
			buildPhases = (
				723AF6F31CB60A3800045953 /* Sources */,
				723AF6F41CB60A3800045953 /* Frameworks */,
				723AF6F51CB60A3800045953 /* Resources */,
				723556091CB612F300D60A66 /* CopyFiles */,
			);
			buildRules = (
			);
			dependencies = (
			);
			name = timebox;
			productName = timebox;
			productReference = 723AF6F71CB60A3800045953 /* timebox.app */;
			productType = "com.apple.product-type.application";
		};
/* End PBXNativeTarget section */

/* Begin PBXProject section */
		723AF6EF1CB60A3800045953 /* Project object */ = {
			isa = PBXProject;
			attributes = {
				LastSwiftUpdateCheck = 0730;
				LastUpgradeCheck = 0730;
				ORGANIZATIONNAME = "Ehren Murdick";
				TargetAttributes = {
					723AF6F61CB60A3800045953 = {
						CreatedOnToolsVersion = 7.3;
					};
				};
			};
			buildConfigurationList = 723AF6F21CB60A3800045953 /* Build configuration list for PBXProject "timebox" */;
			compatibilityVersion = "Xcode 3.2";
			developmentRegion = English;
			hasScannedForEncodings = 0;
			knownRegions = (
				en,
				Base,
			);
			mainGroup = 723AF6EE1CB60A3800045953;
			productRefGroup = 723AF6F81CB60A3800045953 /* Products */;
			projectDirPath = "";
			projectRoot = "";
			targets = (
				723AF6F61CB60A3800045953 /* timebox */,
			);
		};
/* End PBXProject section */

/* Begin PBXResourcesBuildPhase section */
		723AF6F51CB60A3800045953 /* Resources */ = {
			isa = PBXResourcesBuildPhase;
			buildActionMask = 2147483647;
			files = (
				723AF7051CB60A3800045953 /* LaunchScreen.storyboard in Resources */,
				723AF7021CB60A3800045953 /* Assets.xcassets in Resources */,
				723AF7001CB60A3800045953 /* Main.storyboard in Resources */,
			);
			runOnlyForDeploymentPostprocessing = 0;
		};
/* End PBXResourcesBuildPhase section */

/* Begin PBXSourcesBuildPhase section */
		723AF6F31CB60A3800045953 /* Sources */ = {
			isa = PBXSourcesBuildPhase;
			buildActionMask = 2147483647;
			files = (
				7235560C1CB6137400D60A66 /* FAButton.swift in Sources */,
				723556051CB60BB100D60A66 /* Timer.swift in Sources */,
				723AF6FB1CB60A3800045953 /* AppDelegate.swift in Sources */,
				723556031CB60B5500D60A66 /* TableViewController.swift in Sources */,
			);
			runOnlyForDeploymentPostprocessing = 0;
		};
/* End PBXSourcesBuildPhase section */

/* Begin PBXVariantGroup section */
		723AF6FE1CB60A3800045953 /* Main.storyboard */ = {
			isa = PBXVariantGroup;
			children = (
				723AF6FF1CB60A3800045953 /* Base */,
			);
			name = Main.storyboard;
			sourceTree = "<group>";
		};
		723AF7031CB60A3800045953 /* LaunchScreen.storyboard */ = {
			isa = PBXVariantGroup;
			children = (
				723AF7041CB60A3800045953 /* Base */,
			);
			name = LaunchScreen.storyboard;
			sourceTree = "<group>";
		};
/* End PBXVariantGroup section */

/* Begin XCBuildConfiguration section */
		723AF7071CB60A3800045953 /* Debug */ = {
			isa = XCBuildConfiguration;
			buildSettings = {
				ALWAYS_SEARCH_USER_PATHS = NO;
				CLANG_ANALYZER_NONNULL = YES;
				CLANG_CXX_LANGUAGE_STANDARD = "gnu++0x";
				CLANG_CXX_LIBRARY = "libc++";
				CLANG_ENABLE_MODULES = YES;
				CLANG_ENABLE_OBJC_ARC = YES;
				CLANG_WARN_BOOL_CONVERSION = YES;
				CLANG_WARN_CONSTANT_CONVERSION = YES;
				CLANG_WARN_DIRECT_OBJC_ISA_USAGE = YES_ERROR;
				CLANG_WARN_EMPTY_BODY = YES;
				CLANG_WARN_ENUM_CONVERSION = YES;
				CLANG_WARN_INT_CONVERSION = YES;
				CLANG_WARN_OBJC_ROOT_CLASS = YES_ERROR;
				CLANG_WARN_UNREACHABLE_CODE = YES;
				CLANG_WARN__DUPLICATE_METHOD_MATCH = YES;
				"CODE_SIGN_IDENTITY[sdk=iphoneos*]" = "iPhone Developer";
				COPY_PHASE_STRIP = NO;
				DEBUG_INFORMATION_FORMAT = dwarf;
				ENABLE_STRICT_OBJC_MSGSEND = YES;
				ENABLE_TESTABILITY = YES;
				GCC_C_LANGUAGE_STANDARD = gnu99;
				GCC_DYNAMIC_NO_PIC = NO;
				GCC_NO_COMMON_BLOCKS = YES;
				GCC_OPTIMIZATION_LEVEL = 0;
				GCC_PREPROCESSOR_DEFINITIONS = (
					"DEBUG=1",
					"$(inherited)",
				);
				GCC_WARN_64_TO_32_BIT_CONVERSION = YES;
				GCC_WARN_ABOUT_RETURN_TYPE = YES_ERROR;
				GCC_WARN_UNDECLARED_SELECTOR = YES;
				GCC_WARN_UNINITIALIZED_AUTOS = YES_AGGRESSIVE;
				GCC_WARN_UNUSED_FUNCTION = YES;
				GCC_WARN_UNUSED_VARIABLE = YES;
				IPHONEOS_DEPLOYMENT_TARGET = 9.3;
				MTL_ENABLE_DEBUG_INFO = YES;
				ONLY_ACTIVE_ARCH = YES;
				SDKROOT = iphoneos;
				SWIFT_OPTIMIZATION_LEVEL = "-Onone";
			};
			name = Debug;
		};
		723AF7081CB60A3800045953 /* Release */ = {
			isa = XCBuildConfiguration;
			buildSettings = {
				ALWAYS_SEARCH_USER_PATHS = NO;
				CLANG_ANALYZER_NONNULL = YES;
				CLANG_CXX_LANGUAGE_STANDARD = "gnu++0x";
				CLANG_CXX_LIBRARY = "libc++";
				CLANG_ENABLE_MODULES = YES;
				CLANG_ENABLE_OBJC_ARC = YES;
				CLANG_WARN_BOOL_CONVERSION = YES;
				CLANG_WARN_CONSTANT_CONVERSION = YES;
				CLANG_WARN_DIRECT_OBJC_ISA_USAGE = YES_ERROR;
				CLANG_WARN_EMPTY_BODY = YES;
				CLANG_WARN_ENUM_CONVERSION = YES;
				CLANG_WARN_INT_CONVERSION = YES;
				CLANG_WARN_OBJC_ROOT_CLASS = YES_ERROR;
				CLANG_WARN_UNREACHABLE_CODE = YES;
				CLANG_WARN__DUPLICATE_METHOD_MATCH = YES;
				"CODE_SIGN_IDENTITY[sdk=iphoneos*]" = "iPhone Developer";
				COPY_PHASE_STRIP = NO;
				DEBUG_INFORMATION_FORMAT = "dwarf-with-dsym";
				ENABLE_NS_ASSERTIONS = NO;
				ENABLE_STRICT_OBJC_MSGSEND = YES;
				GCC_C_LANGUAGE_STANDARD = gnu99;
				GCC_NO_COMMON_BLOCKS = YES;
				GCC_WARN_64_TO_32_BIT_CONVERSION = YES;
				GCC_WARN_ABOUT_RETURN_TYPE = YES_ERROR;
				GCC_WARN_UNDECLARED_SELECTOR = YES;
				GCC_WARN_UNINITIALIZED_AUTOS = YES_AGGRESSIVE;
				GCC_WARN_UNUSED_FUNCTION = YES;
				GCC_WARN_UNUSED_VARIABLE = YES;
				IPHONEOS_DEPLOYMENT_TARGET = 9.3;
				MTL_ENABLE_DEBUG_INFO = NO;
				SDKROOT = iphoneos;
				VALIDATE_PRODUCT = YES;
			};
			name = Release;
		};
		723AF70A1CB60A3800045953 /* Debug */ = {
			isa = XCBuildConfiguration;
			buildSettings = {
				ASSETCATALOG_COMPILER_APPICON_NAME = AppIcon;
				FRAMEWORK_SEARCH_PATHS = (
					"$(inherited)",
					"$(PROJECT_DIR)/Carthage/Build/watchOS",
				);
				INFOPLIST_FILE = timebox/Info.plist;
				LD_RUNPATH_SEARCH_PATHS = "$(inherited) @executable_path/Frameworks";
				PRODUCT_BUNDLE_IDENTIFIER = com.ehrenmurdick.timebox;
				PRODUCT_NAME = "$(TARGET_NAME)";
			};
			name = Debug;
		};
		723AF70B1CB60A3800045953 /* Release */ = {
			isa = XCBuildConfiguration;
			buildSettings = {
				ASSETCATALOG_COMPILER_APPICON_NAME = AppIcon;
				FRAMEWORK_SEARCH_PATHS = (
					"$(inherited)",
					"$(PROJECT_DIR)/Carthage/Build/watchOS",
				);
				INFOPLIST_FILE = timebox/Info.plist;
				LD_RUNPATH_SEARCH_PATHS = "$(inherited) @executable_path/Frameworks";
				PRODUCT_BUNDLE_IDENTIFIER = com.ehrenmurdick.timebox;
				PRODUCT_NAME = "$(TARGET_NAME)";
			};
			name = Release;
		};
/* End XCBuildConfiguration section */

/* Begin XCConfigurationList section */
		723AF6F21CB60A3800045953 /* Build configuration list for PBXProject "timebox" */ = {
			isa = XCConfigurationList;
			buildConfigurations = (
				723AF7071CB60A3800045953 /* Debug */,
				723AF7081CB60A3800045953 /* Release */,
			);
			defaultConfigurationIsVisible = 0;
			defaultConfigurationName = Release;
		};
		723AF7091CB60A3800045953 /* Build configuration list for PBXNativeTarget "timebox" */ = {
			isa = XCConfigurationList;
			buildConfigurations = (
				723AF70A1CB60A3800045953 /* Debug */,
				723AF70B1CB60A3800045953 /* Release */,
			);
			defaultConfigurationIsVisible = 0;
			defaultConfigurationName = Release;
		};
/* End XCConfigurationList section */
	};
	rootObject = 723AF6EF1CB60A3800045953 /* Project object */;
}
